
Microsoft Visual Studio Solution File, Format Version 12.00
# Visual Studio 2012
Project("{FAE04EC0-301F-11D3-BF4B-00C04F79EFBC}") = "CryEngine.RC.Frontend", "CryEngine.RC.Frontend\CryEngine.RC.Frontend.csproj", "{F70356ED-6F30-428A-8A68-F5FCE4B59790}"
EndProject
Project("{FAE04EC0-301F-11D3-BF4B-00C04F79EFBC}") = "CryEngine.RC", "CryEngine.RC\CryEngine.RC.csproj", "{6E6890BE-6E28-41D4-AACD-E3DD8093FFA5}"
EndProject
Global
	GlobalSection(SolutionConfigurationPlatforms) = preSolution
		Debug|x86 = Debug|x86
		Release|x86 = Release|x86
	EndGlobalSection
	GlobalSection(ProjectConfigurationPlatforms) = postSolution
		{6E6890BE-6E28-41D4-AACD-E3DD8093FFA5}.Debug|x86.ActiveCfg = Debug|x86
		{6E6890BE-6E28-41D4-AACD-E3DD8093FFA5}.Debug|x86.Build.0 = Debug|x86
		{6E6890BE-6E28-41D4-AACD-E3DD8093FFA5}.Release|x86.ActiveCfg = Release|x86
		{6E6890BE-6E28-41D4-AACD-E3DD8093FFA5}.Release|x86.Build.0 = Release|x86
		{F70356ED-6F30-428A-8A68-F5FCE4B59790}.Debug|x86.ActiveCfg = Debug|x86
		{F70356ED-6F30-428A-8A68-F5FCE4B59790}.Debug|x86.Build.0 = Debug|x86
		{F70356ED-6F30-428A-8A68-F5FCE4B59790}.Release|x86.ActiveCfg = Release|x86
		{F70356ED-6F30-428A-8A68-F5FCE4B59790}.Release|x86.Build.0 = Release|x86
	EndGlobalSection
	GlobalSection(SolutionProperties) = preSolution
		HideSolutionNode = FALSE
	EndGlobalSection
EndGlobal
